
Microsoft Visual Studio Solution File, Format Version 12.00
# Visual Studio Version 17
VisualStudioVersion = 17.0.31903.59
MinimumVisualStudioVersion = 10.0.40219.1
Project("{2150E333-8FDC-42A3-9474-1A3956D46DE8}") = "src", "src", "{67785EBD-1A05-4FE3-B6B0-15209EC7B8DD}"
EndProject
Project("{FAE04EC0-301F-11D3-BF4B-00C04F79EFBC}") = "FeudalSim.AI", "src\FeudalSim.AI\FeudalSim.AI.csproj", "{226CE9BD-9922-410D-A368-6A0F43695962}"
EndProject
Project("{FAE04EC0-301F-11D3-BF4B-00C04F79EFBC}") = "FeudalSim.Content", "src\FeudalSim.Content\FeudalSim.Content.csproj", "{20901AA3-6E72-481D-A688-3D322244693C}"
EndProject
Project("{FAE04EC0-301F-11D3-BF4B-00C04F79EFBC}") = "FeudalSim.Headless", "src\FeudalSim.Headless\FeudalSim.Headless.csproj", "{F7012B12-2A91-46D5-8770-8AFC4F21D70E}"
EndProject
Project("{FAE04EC0-301F-11D3-BF4B-00C04F79EFBC}") = "FeudalSim.Hosting", "src\FeudalSim.Hosting\FeudalSim.Hosting.csproj", "{89C38578-1294-44E7-90E5-4FD16BB9D87F}"
EndProject
Project("{FAE04EC0-301F-11D3-BF4B-00C04F79EFBC}") = "FeudalSim.Sim", "src\FeudalSim.Sim\FeudalSim.Sim.csproj", "{BDD5CACD-D186-48DE-9465-D08FBCEFB102}"
EndProject
Project("{2150E333-8FDC-42A3-9474-1A3956D46DE8}") = "tests", "tests", "{11907FFB-AF94-4492-971D-69A7717EE7A0}"
EndProject
Project("{FAE04EC0-301F-11D3-BF4B-00C04F79EFBC}") = "FeudalSim.AI.Tests", "tests\FeudalSim.AI.Tests\FeudalSim.AI.Tests.csproj", "{3A000DD7-E384-49AB-9E09-C43F457237A7}"
EndProject
Project("{FAE04EC0-301F-11D3-BF4B-00C04F79EFBC}") = "FeudalSim.Content.Tests", "tests\FeudalSim.Content.Tests\FeudalSim.Content.Tests.csproj", "{5F562032-7F4D-46FD-A909-1FAF7D5DFD1A}"
EndProject
Project("{FAE04EC0-301F-11D3-BF4B-00C04F79EFBC}") = "FeudalSim.Integration.Tests", "tests\FeudalSim.Integration.Tests\FeudalSim.Integration.Tests.csproj", "{E51F755A-8A0D-4D16-B2E5-894F5AF05301}"
EndProject
Project("{FAE04EC0-301F-11D3-BF4B-00C04F79EFBC}") = "FeudalSim.Sim.Tests", "tests\FeudalSim.Sim.Tests\FeudalSim.Sim.Tests.csproj", "{266D22AF-2FA9-4EC0-9F3E-9A316596B755}"
EndProject
Project("{FAE04EC0-301F-11D3-BF4B-00C04F79EFBC}") = "FeudalSim.Benchmarks", "tests\FeudalSim.Benchmarks\FeudalSim.Benchmarks.csproj", "{F2ABA151-BDB2-4CD1-B4E8-604794588885}"
EndProject
Global
	GlobalSection(SolutionConfigurationPlatforms) = preSolution
		Debug|Any CPU = Debug|Any CPU
		Release|Any CPU = Release|Any CPU
	EndGlobalSection
	GlobalSection(SolutionProperties) = preSolution
		HideSolutionNode = FALSE
	EndGlobalSection
	GlobalSection(ProjectConfigurationPlatforms) = postSolution
		{226CE9BD-9922-410D-A368-6A0F43695962}.Debug|Any CPU.ActiveCfg = Debug|Any CPU
		{226CE9BD-9922-410D-A368-6A0F43695962}.Debug|Any CPU.Build.0 = Debug|Any CPU
		{226CE9BD-9922-410D-A368-6A0F43695962}.Release|Any CPU.ActiveCfg = Release|Any CPU
		{226CE9BD-9922-410D-A368-6A0F43695962}.Release|Any CPU.Build.0 = Release|Any CPU
		{20901AA3-6E72-481D-A688-3D322244693C}.Debug|Any CPU.ActiveCfg = Debug|Any CPU
		{20901AA3-6E72-481D-A688-3D322244693C}.Debug|Any CPU.Build.0 = Debug|Any CPU
		{20901AA3-6E72-481D-A688-3D322244693C}.Release|Any CPU.ActiveCfg = Release|Any CPU
		{20901AA3-6E72-481D-A688-3D322244693C}.Release|Any CPU.Build.0 = Release|Any CPU
		{F7012B12-2A91-46D5-8770-8AFC4F21D70E}.Debug|Any CPU.ActiveCfg = Debug|Any CPU
		{F7012B12-2A91-46D5-8770-8AFC4F21D70E}.Debug|Any CPU.Build.0 = Debug|Any CPU
		{F7012B12-2A91-46D5-8770-8AFC4F21D70E}.Release|Any CPU.ActiveCfg = Release|Any CPU
		{F7012B12-2A91-46D5-8770-8AFC4F21D70E}.Release|Any CPU.Build.0 = Release|Any CPU
		{89C38578-1294-44E7-90E5-4FD16BB9D87F}.Debug|Any CPU.ActiveCfg = Debug|Any CPU
		{89C38578-1294-44E7-90E5-4FD16BB9D87F}.Debug|Any CPU.Build.0 = Debug|Any CPU
		{89C38578-1294-44E7-90E5-4FD16BB9D87F}.Release|Any CPU.ActiveCfg = Release|Any CPU
		{89C38578-1294-44E7-90E5-4FD16BB9D87F}.Release|Any CPU.Build.0 = Release|Any CPU
		{BDD5CACD-D186-48DE-9465-D08FBCEFB102}.Debug|Any CPU.ActiveCfg = Debug|Any CPU
		{BDD5CACD-D186-48DE-9465-D08FBCEFB102}.Debug|Any CPU.Build.0 = Debug|Any CPU
		{BDD5CACD-D186-48DE-9465-D08FBCEFB102}.Release|Any CPU.ActiveCfg = Release|Any CPU
		{BDD5CACD-D186-48DE-9465-D08FBCEFB102}.Release|Any CPU.Build.0 = Release|Any CPU
		{3A000DD7-E384-49AB-9E09-C43F457237A7}.Debug|Any CPU.ActiveCfg = Debug|Any CPU
		{3A000DD7-E384-49AB-9E09-C43F457237A7}.Debug|Any CPU.Build.0 = Debug|Any CPU
		{3A000DD7-E384-49AB-9E09-C43F457237A7}.Release|Any CPU.ActiveCfg = Release|Any CPU
		{3A000DD7-E384-49AB-9E09-C43F457237A7}.Release|Any CPU.Build.0 = Release|Any CPU
		{5F562032-7F4D-46FD-A909-1FAF7D5DFD1A}.Debug|Any CPU.ActiveCfg = Debug|Any CPU
		{5F562032-7F4D-46FD-A909-1FAF7D5DFD1A}.Debug|Any CPU.Build.0 = Debug|Any CPU
		{5F562032-7F4D-46FD-A909-1FAF7D5DFD1A}.Release|Any CPU.ActiveCfg = Release|Any CPU
		{5F562032-7F4D-46FD-A909-1FAF7D5DFD1A}.Release|Any CPU.Build.0 = Release|Any CPU
		{E51F755A-8A0D-4D16-B2E5-894F5AF05301}.Debug|Any CPU.ActiveCfg = Debug|Any CPU
		{E51F755A-8A0D-4D16-B2E5-894F5AF05301}.Debug|Any CPU.Build.0 = Debug|Any CPU
		{E51F755A-8A0D-4D16-B2E5-894F5AF05301}.Release|Any CPU.ActiveCfg = Release|Any CPU
		{E51F755A-8A0D-4D16-B2E5-894F5AF05301}.Release|Any CPU.Build.0 = Release|Any CPU
		{266D22AF-2FA9-4EC0-9F3E-9A316596B755}.Debug|Any CPU.ActiveCfg = Debug|Any CPU
		{266D22AF-2FA9-4EC0-9F3E-9A316596B755}.Debug|Any CPU.Build.0 = Debug|Any CPU
		{266D22AF-2FA9-4EC0-9F3E-9A316596B755}.Release|Any CPU.ActiveCfg = Release|Any CPU
		{266D22AF-2FA9-4EC0-9F3E-9A316596B755}.Release|Any CPU.Build.0 = Release|Any CPU
		{F2ABA151-BDB2-4CD1-B4E8-604794588885}.Debug|Any CPU.ActiveCfg = Debug|Any CPU
		{F2ABA151-BDB2-4CD1-B4E8-604794588885}.Debug|Any CPU.Build.0 = Debug|Any CPU
		{F2ABA151-BDB2-4CD1-B4E8-604794588885}.Release|Any CPU.ActiveCfg = Release|Any CPU
		{F2ABA151-BDB2-4CD1-B4E8-604794588885}.Release|Any CPU.Build.0 = Release|Any CPU
	EndGlobalSection
	GlobalSection(NestedProjects) = preSolution
		{226CE9BD-9922-410D-A368-6A0F43695962} = {67785EBD-1A05-4FE3-B6B0-15209EC7B8DD}
		{20901AA3-6E72-481D-A688-3D322244693C} = {67785EBD-1A05-4FE3-B6B0-15209EC7B8DD}
		{F7012B12-2A91-46D5-8770-8AFC4F21D70E} = {67785EBD-1A05-4FE3-B6B0-15209EC7B8DD}
		{89C38578-1294-44E7-90E5-4FD16BB9D87F} = {67785EBD-1A05-4FE3-B6B0-15209EC7B8DD}
		{BDD5CACD-D186-48DE-9465-D08FBCEFB102} = {67785EBD-1A05-4FE3-B6B0-15209EC7B8DD}
		{3A000DD7-E384-49AB-9E09-C43F457237A7} = {11907FFB-AF94-4492-971D-69A7717EE7A0}
		{5F562032-7F4D-46FD-A909-1FAF7D5DFD1A} = {11907FFB-AF94-4492-971D-69A7717EE7A0}
		{E51F755A-8A0D-4D16-B2E5-894F5AF05301} = {11907FFB-AF94-4492-971D-69A7717EE7A0}
		{266D22AF-2FA9-4EC0-9F3E-9A316596B755} = {11907FFB-AF94-4492-971D-69A7717EE7A0}
		{F2ABA151-BDB2-4CD1-B4E8-604794588885} = {11907FFB-AF94-4492-971D-69A7717EE7A0}
	EndGlobalSection
EndGlobal
